
Microsoft Visual Studio Solution File, Format Version 12.00
# Visual Studio Version 17
VisualStudioVersion = 17.5.2.0
MinimumVisualStudioVersion = 10.0.40219.1
Project("{2150E333-8FDC-42A3-9474-1A3956D46DE8}") = "src", "src", "{890DF3C0-20D3-4C3A-BDCC-8A761BD67465}"
EndProject
Project("{FAE04EC0-301F-11D3-BF4B-00C04F79EFBC}") = "Api", "src\Api\Api.csproj", "{DD81014C-7A37-478E-B832-2BCC3C3A1DF9}"
EndProject
Project("{FAE04EC0-301F-11D3-BF4B-00C04F79EFBC}") = "AppHost", "src\AppHost\AppHost.csproj", "{8BFE4624-75E6-4827-AD56-9A69F56FD4C9}"
EndProject
Project("{FAE04EC0-301F-11D3-BF4B-00C04F79EFBC}") = "Data", "src\Data\Data.csproj", "{E02179DD-0442-4D9E-ADDF-A86A73F57C58}"
EndProject
Project("{FAE04EC0-301F-11D3-BF4B-00C04F79EFBC}") = "MigrationService", "src\MigrationService\MigrationService.csproj", "{E21FC54A-3B44-41D5-BCA1-7BC2CB61B2DD}"
EndProject
Project("{2150E333-8FDC-42A3-9474-1A3956D46DE8}") = "test", "test", "{2DE5C83F-814F-4FAA-9D96-41E7532F0926}"
EndProject
Project("{FAE04EC0-301F-11D3-BF4B-00C04F79EFBC}") = "Api.Tests", "test\Api.Tests\Api.Tests.csproj", "{415FA971-6650-433C-87A1-AFBA9B58261A}"
EndProject
Project("{FAE04EC0-301F-11D3-BF4B-00C04F79EFBC}") = "ServiceDefaults", "src\ServiceDefaults\ServiceDefaults.csproj", "{51A1EFB7-8438-4314-B92C-699F5FCE893A}"
EndProject
Global
	GlobalSection(SolutionConfigurationPlatforms) = preSolution
		Debug|Any CPU = Debug|Any CPU
		Debug|x64 = Debug|x64
		Debug|x86 = Debug|x86
		Release|Any CPU = Release|Any CPU
		Release|x64 = Release|x64
		Release|x86 = Release|x86
	EndGlobalSection
	GlobalSection(ProjectConfigurationPlatforms) = postSolution
		{84A66C29-149A-4554-B31E-28CCE89F3F6D}.Debug|Any CPU.ActiveCfg = Debug|Any CPU
		{84A66C29-149A-4554-B31E-28CCE89F3F6D}.Debug|Any CPU.Build.0 = Debug|Any CPU
		{84A66C29-149A-4554-B31E-28CCE89F3F6D}.Debug|x64.ActiveCfg = Debug|Any CPU
		{84A66C29-149A-4554-B31E-28CCE89F3F6D}.Debug|x64.Build.0 = Debug|Any CPU
		{84A66C29-149A-4554-B31E-28CCE89F3F6D}.Debug|x86.ActiveCfg = Debug|Any CPU
		{84A66C29-149A-4554-B31E-28CCE89F3F6D}.Debug|x86.Build.0 = Debug|Any CPU
		{84A66C29-149A-4554-B31E-28CCE89F3F6D}.Release|Any CPU.ActiveCfg = Release|Any CPU
		{84A66C29-149A-4554-B31E-28CCE89F3F6D}.Release|Any CPU.Build.0 = Release|Any CPU
		{84A66C29-149A-4554-B31E-28CCE89F3F6D}.Release|x64.ActiveCfg = Release|Any CPU
		{84A66C29-149A-4554-B31E-28CCE89F3F6D}.Release|x64.Build.0 = Release|Any CPU
		{84A66C29-149A-4554-B31E-28CCE89F3F6D}.Release|x86.ActiveCfg = Release|Any CPU
		{84A66C29-149A-4554-B31E-28CCE89F3F6D}.Release|x86.Build.0 = Release|Any CPU
		{04CC85B9-3167-48D3-B885-0C68D143265D}.Debug|Any CPU.ActiveCfg = Debug|Any CPU
		{04CC85B9-3167-48D3-B885-0C68D143265D}.Debug|Any CPU.Build.0 = Debug|Any CPU
		{04CC85B9-3167-48D3-B885-0C68D143265D}.Debug|x64.ActiveCfg = Debug|Any CPU
		{04CC85B9-3167-48D3-B885-0C68D143265D}.Debug|x64.Build.0 = Debug|Any CPU
		{04CC85B9-3167-48D3-B885-0C68D143265D}.Debug|x86.ActiveCfg = Debug|Any CPU
		{04CC85B9-3167-48D3-B885-0C68D143265D}.Debug|x86.Build.0 = Debug|Any CPU
		{04CC85B9-3167-48D3-B885-0C68D143265D}.Release|Any CPU.ActiveCfg = Release|Any CPU
		{04CC85B9-3167-48D3-B885-0C68D143265D}.Release|Any CPU.Build.0 = Release|Any CPU
		{04CC85B9-3167-48D3-B885-0C68D143265D}.Release|x64.ActiveCfg = Release|Any CPU
		{04CC85B9-3167-48D3-B885-0C68D143265D}.Release|x64.Build.0 = Release|Any CPU
		{04CC85B9-3167-48D3-B885-0C68D143265D}.Release|x86.ActiveCfg = Release|Any CPU
		{04CC85B9-3167-48D3-B885-0C68D143265D}.Release|x86.Build.0 = Release|Any CPU
		{A1C4B5B6-F184-4F2F-AC8C-23AF987ECD75}.Debug|Any CPU.ActiveCfg = Debug|Any CPU
		{A1C4B5B6-F184-4F2F-AC8C-23AF987ECD75}.Debug|Any CPU.Build.0 = Debug|Any CPU
		{A1C4B5B6-F184-4F2F-AC8C-23AF987ECD75}.Debug|x64.ActiveCfg = Debug|Any CPU
		{A1C4B5B6-F184-4F2F-AC8C-23AF987ECD75}.Debug|x64.Build.0 = Debug|Any CPU
		{A1C4B5B6-F184-4F2F-AC8C-23AF987ECD75}.Debug|x86.ActiveCfg = Debug|Any CPU
		{A1C4B5B6-F184-4F2F-AC8C-23AF987ECD75}.Debug|x86.Build.0 = Debug|Any CPU
		{A1C4B5B6-F184-4F2F-AC8C-23AF987ECD75}.Release|Any CPU.ActiveCfg = Release|Any CPU
		{A1C4B5B6-F184-4F2F-AC8C-23AF987ECD75}.Release|Any CPU.Build.0 = Release|Any CPU
		{A1C4B5B6-F184-4F2F-AC8C-23AF987ECD75}.Release|x64.ActiveCfg = Release|Any CPU
		{A1C4B5B6-F184-4F2F-AC8C-23AF987ECD75}.Release|x64.Build.0 = Release|Any CPU
		{A1C4B5B6-F184-4F2F-AC8C-23AF987ECD75}.Release|x86.ActiveCfg = Release|Any CPU
		{A1C4B5B6-F184-4F2F-AC8C-23AF987ECD75}.Release|x86.Build.0 = Release|Any CPU
		{2641A356-50FC-4906-9376-64C3DE5EC114}.Debug|Any CPU.ActiveCfg = Debug|Any CPU
		{2641A356-50FC-4906-9376-64C3DE5EC114}.Debug|Any CPU.Build.0 = Debug|Any CPU
		{2641A356-50FC-4906-9376-64C3DE5EC114}.Debug|x64.ActiveCfg = Debug|Any CPU
		{2641A356-50FC-4906-9376-64C3DE5EC114}.Debug|x64.Build.0 = Debug|Any CPU
		{2641A356-50FC-4906-9376-64C3DE5EC114}.Debug|x86.ActiveCfg = Debug|Any CPU
		{2641A356-50FC-4906-9376-64C3DE5EC114}.Debug|x86.Build.0 = Debug|Any CPU
		{2641A356-50FC-4906-9376-64C3DE5EC114}.Release|Any CPU.ActiveCfg = Release|Any CPU
		{2641A356-50FC-4906-9376-64C3DE5EC114}.Release|Any CPU.Build.0 = Release|Any CPU
		{2641A356-50FC-4906-9376-64C3DE5EC114}.Release|x64.ActiveCfg = Release|Any CPU
		{2641A356-50FC-4906-9376-64C3DE5EC114}.Release|x64.Build.0 = Release|Any CPU
		{2641A356-50FC-4906-9376-64C3DE5EC114}.Release|x86.ActiveCfg = Release|Any CPU
		{2641A356-50FC-4906-9376-64C3DE5EC114}.Release|x86.Build.0 = Release|Any CPU
		{907E67AA-D30C-41D9-9D22-FC809BE1055A}.Debug|Any CPU.ActiveCfg = Debug|Any CPU
		{907E67AA-D30C-41D9-9D22-FC809BE1055A}.Debug|Any CPU.Build.0 = Debug|Any CPU
		{907E67AA-D30C-41D9-9D22-FC809BE1055A}.Debug|x64.ActiveCfg = Debug|Any CPU
		{907E67AA-D30C-41D9-9D22-FC809BE1055A}.Debug|x64.Build.0 = Debug|Any CPU
		{907E67AA-D30C-41D9-9D22-FC809BE1055A}.Debug|x86.ActiveCfg = Debug|Any CPU
		{907E67AA-D30C-41D9-9D22-FC809BE1055A}.Debug|x86.Build.0 = Debug|Any CPU
		{907E67AA-D30C-41D9-9D22-FC809BE1055A}.Release|Any CPU.ActiveCfg = Release|Any CPU
		{907E67AA-D30C-41D9-9D22-FC809BE1055A}.Release|Any CPU.Build.0 = Release|Any CPU
		{907E67AA-D30C-41D9-9D22-FC809BE1055A}.Release|x64.ActiveCfg = Release|Any CPU
		{907E67AA-D30C-41D9-9D22-FC809BE1055A}.Release|x64.Build.0 = Release|Any CPU
		{907E67AA-D30C-41D9-9D22-FC809BE1055A}.Release|x86.ActiveCfg = Release|Any CPU
		{907E67AA-D30C-41D9-9D22-FC809BE1055A}.Release|x86.Build.0 = Release|Any CPU
		{DD81014C-7A37-478E-B832-2BCC3C3A1DF9}.Debug|Any CPU.ActiveCfg = Debug|Any CPU
		{DD81014C-7A37-478E-B832-2BCC3C3A1DF9}.Debug|Any CPU.Build.0 = Debug|Any CPU
		{DD81014C-7A37-478E-B832-2BCC3C3A1DF9}.Debug|x64.ActiveCfg = Debug|Any CPU
		{DD81014C-7A37-478E-B832-2BCC3C3A1DF9}.Debug|x64.Build.0 = Debug|Any CPU
		{DD81014C-7A37-478E-B832-2BCC3C3A1DF9}.Debug|x86.ActiveCfg = Debug|Any CPU
		{DD81014C-7A37-478E-B832-2BCC3C3A1DF9}.Debug|x86.Build.0 = Debug|Any CPU
		{DD81014C-7A37-478E-B832-2BCC3C3A1DF9}.Release|Any CPU.ActiveCfg = Release|Any CPU
		{DD81014C-7A37-478E-B832-2BCC3C3A1DF9}.Release|Any CPU.Build.0 = Release|Any CPU
		{DD81014C-7A37-478E-B832-2BCC3C3A1DF9}.Release|x64.ActiveCfg = Release|Any CPU
		{DD81014C-7A37-478E-B832-2BCC3C3A1DF9}.Release|x64.Build.0 = Release|Any CPU
		{DD81014C-7A37-478E-B832-2BCC3C3A1DF9}.Release|x86.ActiveCfg = Release|Any CPU
		{DD81014C-7A37-478E-B832-2BCC3C3A1DF9}.Release|x86.Build.0 = Release|Any CPU
		{8BFE4624-75E6-4827-AD56-9A69F56FD4C9}.Debug|Any CPU.ActiveCfg = Debug|Any CPU
		{8BFE4624-75E6-4827-AD56-9A69F56FD4C9}.Debug|Any CPU.Build.0 = Debug|Any CPU
		{8BFE4624-75E6-4827-AD56-9A69F56FD4C9}.Debug|x64.ActiveCfg = Debug|Any CPU
		{8BFE4624-75E6-4827-AD56-9A69F56FD4C9}.Debug|x64.Build.0 = Debug|Any CPU
		{8BFE4624-75E6-4827-AD56-9A69F56FD4C9}.Debug|x86.ActiveCfg = Debug|Any CPU
		{8BFE4624-75E6-4827-AD56-9A69F56FD4C9}.Debug|x86.Build.0 = Debug|Any CPU
		{8BFE4624-75E6-4827-AD56-9A69F56FD4C9}.Release|Any CPU.ActiveCfg = Release|Any CPU
		{8BFE4624-75E6-4827-AD56-9A69F56FD4C9}.Release|Any CPU.Build.0 = Release|Any CPU
		{8BFE4624-75E6-4827-AD56-9A69F56FD4C9}.Release|x64.ActiveCfg = Release|Any CPU
		{8BFE4624-75E6-4827-AD56-9A69F56FD4C9}.Release|x64.Build.0 = Release|Any CPU
		{8BFE4624-75E6-4827-AD56-9A69F56FD4C9}.Release|x86.ActiveCfg = Release|Any CPU
		{8BFE4624-75E6-4827-AD56-9A69F56FD4C9}.Release|x86.Build.0 = Release|Any CPU
		{E02179DD-0442-4D9E-ADDF-A86A73F57C58}.Debug|Any CPU.ActiveCfg = Debug|Any CPU
		{E02179DD-0442-4D9E-ADDF-A86A73F57C58}.Debug|Any CPU.Build.0 = Debug|Any CPU
		{E02179DD-0442-4D9E-ADDF-A86A73F57C58}.Debug|x64.ActiveCfg = Debug|Any CPU
		{E02179DD-0442-4D9E-ADDF-A86A73F57C58}.Debug|x64.Build.0 = Debug|Any CPU
		{E02179DD-0442-4D9E-ADDF-A86A73F57C58}.Debug|x86.ActiveCfg = Debug|Any CPU
		{E02179DD-0442-4D9E-ADDF-A86A73F57C58}.Debug|x86.Build.0 = Debug|Any CPU
		{E02179DD-0442-4D9E-ADDF-A86A73F57C58}.Release|Any CPU.ActiveCfg = Release|Any CPU
		{E02179DD-0442-4D9E-ADDF-A86A73F57C58}.Release|Any CPU.Build.0 = Release|Any CPU
		{E02179DD-0442-4D9E-ADDF-A86A73F57C58}.Release|x64.ActiveCfg = Release|Any CPU
		{E02179DD-0442-4D9E-ADDF-A86A73F57C58}.Release|x64.Build.0 = Release|Any CPU
		{E02179DD-0442-4D9E-ADDF-A86A73F57C58}.Release|x86.ActiveCfg = Release|Any CPU
		{E02179DD-0442-4D9E-ADDF-A86A73F57C58}.Release|x86.Build.0 = Release|Any CPU
		{E21FC54A-3B44-41D5-BCA1-7BC2CB61B2DD}.Debug|Any CPU.ActiveCfg = Debug|Any CPU
		{E21FC54A-3B44-41D5-BCA1-7BC2CB61B2DD}.Debug|Any CPU.Build.0 = Debug|Any CPU
		{E21FC54A-3B44-41D5-BCA1-7BC2CB61B2DD}.Debug|x64.ActiveCfg = Debug|Any CPU
		{E21FC54A-3B44-41D5-BCA1-7BC2CB61B2DD}.Debug|x64.Build.0 = Debug|Any CPU
		{E21FC54A-3B44-41D5-BCA1-7BC2CB61B2DD}.Debug|x86.ActiveCfg = Debug|Any CPU
		{E21FC54A-3B44-41D5-BCA1-7BC2CB61B2DD}.Debug|x86.Build.0 = Debug|Any CPU
		{E21FC54A-3B44-41D5-BCA1-7BC2CB61B2DD}.Release|Any CPU.ActiveCfg = Release|Any CPU
		{E21FC54A-3B44-41D5-BCA1-7BC2CB61B2DD}.Release|Any CPU.Build.0 = Release|Any CPU
		{E21FC54A-3B44-41D5-BCA1-7BC2CB61B2DD}.Release|x64.ActiveCfg = Release|Any CPU
		{E21FC54A-3B44-41D5-BCA1-7BC2CB61B2DD}.Release|x64.Build.0 = Release|Any CPU
		{E21FC54A-3B44-41D5-BCA1-7BC2CB61B2DD}.Release|x86.ActiveCfg = Release|Any CPU
		{E21FC54A-3B44-41D5-BCA1-7BC2CB61B2DD}.Release|x86.Build.0 = Release|Any CPU
		{415FA971-6650-433C-87A1-AFBA9B58261A}.Debug|Any CPU.ActiveCfg = Debug|Any CPU
		{415FA971-6650-433C-87A1-AFBA9B58261A}.Debug|Any CPU.Build.0 = Debug|Any CPU
		{415FA971-6650-433C-87A1-AFBA9B58261A}.Debug|x64.ActiveCfg = Debug|Any CPU
		{415FA971-6650-433C-87A1-AFBA9B58261A}.Debug|x64.Build.0 = Debug|Any CPU
		{415FA971-6650-433C-87A1-AFBA9B58261A}.Debug|x86.ActiveCfg = Debug|Any CPU
		{415FA971-6650-433C-87A1-AFBA9B58261A}.Debug|x86.Build.0 = Debug|Any CPU
		{415FA971-6650-433C-87A1-AFBA9B58261A}.Release|Any CPU.ActiveCfg = Release|Any CPU
		{415FA971-6650-433C-87A1-AFBA9B58261A}.Release|Any CPU.Build.0 = Release|Any CPU
		{415FA971-6650-433C-87A1-AFBA9B58261A}.Release|x64.ActiveCfg = Release|Any CPU
		{415FA971-6650-433C-87A1-AFBA9B58261A}.Release|x64.Build.0 = Release|Any CPU
		{415FA971-6650-433C-87A1-AFBA9B58261A}.Release|x86.ActiveCfg = Release|Any CPU
		{415FA971-6650-433C-87A1-AFBA9B58261A}.Release|x86.Build.0 = Release|Any CPU
		{51A1EFB7-8438-4314-B92C-699F5FCE893A}.Debug|Any CPU.ActiveCfg = Debug|Any CPU
		{51A1EFB7-8438-4314-B92C-699F5FCE893A}.Debug|Any CPU.Build.0 = Debug|Any CPU
		{51A1EFB7-8438-4314-B92C-699F5FCE893A}.Debug|x64.ActiveCfg = Debug|Any CPU
		{51A1EFB7-8438-4314-B92C-699F5FCE893A}.Debug|x64.Build.0 = Debug|Any CPU
		{51A1EFB7-8438-4314-B92C-699F5FCE893A}.Debug|x86.ActiveCfg = Debug|Any CPU
		{51A1EFB7-8438-4314-B92C-699F5FCE893A}.Debug|x86.Build.0 = Debug|Any CPU
		{51A1EFB7-8438-4314-B92C-699F5FCE893A}.Release|Any CPU.ActiveCfg = Release|Any CPU
		{51A1EFB7-8438-4314-B92C-699F5FCE893A}.Release|Any CPU.Build.0 = Release|Any CPU
		{51A1EFB7-8438-4314-B92C-699F5FCE893A}.Release|x64.ActiveCfg = Release|Any CPU
		{51A1EFB7-8438-4314-B92C-699F5FCE893A}.Release|x64.Build.0 = Release|Any CPU
		{51A1EFB7-8438-4314-B92C-699F5FCE893A}.Release|x86.ActiveCfg = Release|Any CPU
		{51A1EFB7-8438-4314-B92C-699F5FCE893A}.Release|x86.Build.0 = Release|Any CPU
	EndGlobalSection
	GlobalSection(SolutionProperties) = preSolution
		HideSolutionNode = FALSE
	EndGlobalSection
	GlobalSection(ExtensibilityGlobals) = postSolution
		SolutionGuid = {E46300B2-503C-4244-AB8C-9CD09B3D42BC}
	EndGlobalSection
	GlobalSection(NestedProjects) = preSolution
		{DD81014C-7A37-478E-B832-2BCC3C3A1DF9} = {890DF3C0-20D3-4C3A-BDCC-8A761BD67465}
		{8BFE4624-75E6-4827-AD56-9A69F56FD4C9} = {890DF3C0-20D3-4C3A-BDCC-8A761BD67465}
		{E02179DD-0442-4D9E-ADDF-A86A73F57C58} = {890DF3C0-20D3-4C3A-BDCC-8A761BD67465}
		{E21FC54A-3B44-41D5-BCA1-7BC2CB61B2DD} = {890DF3C0-20D3-4C3A-BDCC-8A761BD67465}
		{415FA971-6650-433C-87A1-AFBA9B58261A} = {2DE5C83F-814F-4FAA-9D96-41E7532F0926}
		{51A1EFB7-8438-4314-B92C-699F5FCE893A} = {890DF3C0-20D3-4C3A-BDCC-8A761BD67465}
	EndGlobalSection
EndGlobal
